
Microsoft Visual Studio Solution File, Format Version 12.00
# Visual Studio 2013
VisualStudioVersion = 12.0.30501.0
MinimumVisualStudioVersion = 10.0.40219.1
Project("{8BC9CEB8-8B4A-11D0-8D11-00A0C91BC942}") = "PageNavigator", "PageNavigator\PageNavigator.vcxproj", "{27FE9669-81FA-4DBA-AC55-1935F15D8148}"
EndProject
Project("{8BC9CEB8-8B4A-11D0-8D11-00A0C91BC942}") = "Navigator", "Navigator\Navigator.vcxproj", "{EA148F9A-50DC-4389-8286-B1D3A20F848A}"
EndProject
Global
	GlobalSection(SolutionConfigurationPlatforms) = preSolution
		Debug|Win32 = Debug|Win32
		Release|Win32 = Release|Win32
	EndGlobalSection
	GlobalSection(ProjectConfigurationPlatforms) = postSolution
		{27FE9669-81FA-4DBA-AC55-1935F15D8148}.Debug|Win32.ActiveCfg = Debug|Win32
		{27FE9669-81FA-4DBA-AC55-1935F15D8148}.Debug|Win32.Build.0 = Debug|Win32
		{27FE9669-81FA-4DBA-AC55-1935F15D8148}.Release|Win32.ActiveCfg = Release|Win32
		{27FE9669-81FA-4DBA-AC55-1935F15D8148}.Release|Win32.Build.0 = Release|Win32
		{EA148F9A-50DC-4389-8286-B1D3A20F848A}.Debug|Win32.ActiveCfg = Debug|Win32
		{EA148F9A-50DC-4389-8286-B1D3A20F848A}.Debug|Win32.Build.0 = Debug|Win32
		{EA148F9A-50DC-4389-8286-B1D3A20F848A}.Release|Win32.ActiveCfg = Release|Win32
		{EA148F9A-50DC-4389-8286-B1D3A20F848A}.Release|Win32.Build.0 = Release|Win32
	EndGlobalSection
	GlobalSection(SolutionProperties) = preSolution
		HideSolutionNode = FALSE
	EndGlobalSection
EndGlobal
